
Microsoft Visual Studio Solution File, Format Version 12.00
Project("{FAE04EC0-301F-11D3-BF4B-00C04F79EFBC}") = "BraileML", "BraileML.csproj", "{DC7A432F-ED55-4061-803D-3807178FBCAF}"
EndProject
Global
	GlobalSection(SolutionConfigurationPlatforms) = preSolution
		Debug|Any CPU = Debug|Any CPU
		Release|Any CPU = Release|Any CPU
	EndGlobalSection
	GlobalSection(ProjectConfigurationPlatforms) = postSolution
		{DC7A432F-ED55-4061-803D-3807178FBCAF}.Debug|Any CPU.ActiveCfg = Debug|Any CPU
		{DC7A432F-ED55-4061-803D-3807178FBCAF}.Debug|Any CPU.Build.0 = Debug|Any CPU
		{DC7A432F-ED55-4061-803D-3807178FBCAF}.Release|Any CPU.ActiveCfg = Release|Any CPU
		{DC7A432F-ED55-4061-803D-3807178FBCAF}.Release|Any CPU.Build.0 = Release|Any CPU
	EndGlobalSection
EndGlobal
